
Microsoft Visual Studio Solution File, Format Version 12.00
# Visual Studio 15
VisualStudioVersion = 15.0.28307.329
MinimumVisualStudioVersion = 10.0.40219.1
Project("{9092AA53-FB77-4645-B42D-1CCCA6BD08BD}") = "roundtrips4you", "roundtrips4you.njsproj", "{81DBF373-D352-4412-A9A3-4F641EECCF3B}"
EndProject
Global
	GlobalSection(SolutionConfigurationPlatforms) = preSolution
		Debug|Any CPU = Debug|Any CPU
		Release|Any CPU = Release|Any CPU
	EndGlobalSection
	GlobalSection(ProjectConfigurationPlatforms) = postSolution
		{81DBF373-D352-4412-A9A3-4F641EECCF3B}.Debug|Any CPU.ActiveCfg = Debug|Any CPU
		{81DBF373-D352-4412-A9A3-4F641EECCF3B}.Debug|Any CPU.Build.0 = Debug|Any CPU
		{81DBF373-D352-4412-A9A3-4F641EECCF3B}.Release|Any CPU.ActiveCfg = Release|Any CPU
		{81DBF373-D352-4412-A9A3-4F641EECCF3B}.Release|Any CPU.Build.0 = Release|Any CPU
	EndGlobalSection
	GlobalSection(SolutionProperties) = preSolution
		HideSolutionNode = FALSE
	EndGlobalSection
	GlobalSection(ExtensibilityGlobals) = postSolution
		SolutionGuid = {B3E133B0-B652-47DB-BF41-050425CEE93A}
	EndGlobalSection
EndGlobal
